{
  "requires": true,
  "lockfileVersion": 1,
  "dependencies": {
    "create-next-app": {
      "version": "12.1.1",
      "resolved": "https://registry.npmjs.org/create-next-app/-/create-next-app-12.1.1.tgz",
      "integrity": "sha512-voq5I34x9dzk3szbiarI6L5UQmv0gRTB8h4fVV/OtlFxCP0wzLO87/dRep7LV1mtRzaW+dXl/D77x/Vs5WP2lA=="
    }
  }
}
